
Microsoft Visual Studio Solution File, Format Version 12.00
# Visual Studio Version 17
VisualStudioVersion = 17.14.36915.13 d17.14
MinimumVisualStudioVersion = 10.0.40219.1
Project("{FAE04EC0-301F-11D3-BF4B-00C04F79EFBC}") = "Topic 4.5 - Methods Assignment", "Topic 4.5 - Methods Assignment\Topic 4.5 - Methods Assignment.csproj", "{868A29E1-7538-4473-975E-D20106CA9CF5}"
EndProject
Global
	GlobalSection(SolutionConfigurationPlatforms) = preSolution
		Debug|Any CPU = Debug|Any CPU
		Release|Any CPU = Release|Any CPU
	EndGlobalSection
	GlobalSection(ProjectConfigurationPlatforms) = postSolution
		{868A29E1-7538-4473-975E-D20106CA9CF5}.Debug|Any CPU.ActiveCfg = Debug|Any CPU
		{868A29E1-7538-4473-975E-D20106CA9CF5}.Debug|Any CPU.Build.0 = Debug|Any CPU
		{868A29E1-7538-4473-975E-D20106CA9CF5}.Release|Any CPU.ActiveCfg = Release|Any CPU
		{868A29E1-7538-4473-975E-D20106CA9CF5}.Release|Any CPU.Build.0 = Release|Any CPU
	EndGlobalSection
	GlobalSection(SolutionProperties) = preSolution
		HideSolutionNode = FALSE
	EndGlobalSection
	GlobalSection(ExtensibilityGlobals) = postSolution
		SolutionGuid = {9A45FD4D-0464-443B-87A3-C2600EBA6F8A}
	EndGlobalSection
EndGlobal
